
Microsoft Visual Studio Solution File, Format Version 12.00
# Visual Studio 15
VisualStudioVersion = 15.0.28307.106
MinimumVisualStudioVersion = 10.0.40219.1
Project("{FAE04EC0-301F-11D3-BF4B-00C04F79EFBC}") = "Psybot2", "Psybot2\Psybot2.csproj", "{6CB60AA6-A221-408D-9C8C-D47AF89ED1C7}"
EndProject
Global
	GlobalSection(SolutionConfigurationPlatforms) = preSolution
		Debug|Any CPU = Debug|Any CPU
		Release|Any CPU = Release|Any CPU
	EndGlobalSection
	GlobalSection(ProjectConfigurationPlatforms) = postSolution
		{6CB60AA6-A221-408D-9C8C-D47AF89ED1C7}.Debug|Any CPU.ActiveCfg = Debug|Any CPU
		{6CB60AA6-A221-408D-9C8C-D47AF89ED1C7}.Debug|Any CPU.Build.0 = Debug|Any CPU
		{6CB60AA6-A221-408D-9C8C-D47AF89ED1C7}.Release|Any CPU.ActiveCfg = Release|Any CPU
		{6CB60AA6-A221-408D-9C8C-D47AF89ED1C7}.Release|Any CPU.Build.0 = Release|Any CPU
	EndGlobalSection
	GlobalSection(SolutionProperties) = preSolution
		HideSolutionNode = FALSE
	EndGlobalSection
	GlobalSection(ExtensibilityGlobals) = postSolution
		SolutionGuid = {D3ADD684-9DB7-4497-8FEE-35D77C3F2EA4}
	EndGlobalSection
EndGlobal
